# THIS IS AN AUTOGENERATED FILE. DO NOT EDIT THIS FILE DIRECTLY.
# yarn lockfile v1


"@rtl-book/local-client@^1.1.3":
  version "1.1.3"
  resolved "https://registry.yarnpkg.com/@rtl-book/local-client/-/local-client-1.1.3.tgz#9a156b05e504301c5a8f68a4d51358372851bda8"
  integrity sha512-LxUGsFGhNjxfwH5hylxyktoxdohiY09c0VjJu3XGhnVdRT+5LBsl/oM/DOjt2Skk1mmmPwPiPsX+Z8Qy0JrWdA==

rtl-book@^1.1.4:
  version "1.1.4"
  resolved "https://registry.yarnpkg.com/rtl-book/-/rtl-book-1.1.4.tgz#c3f71f7381649dad40e5ad5913ff52d024da7ba3"
  integrity sha512-LgPqkmdecFwohiWz6i6ZIqKrZ8Lz9YdJt+EXVnZIpqzalnXHSnF4wdmXEOToFFhqE3CCEMRg8xSKiebVrN4IkA==
  dependencies:
    "@rtl-book/local-client" "^1.1.3"
